// !$*UTF8*$!
{
	archiveVersion = 1;
	classes = {
	};
	objectVersion = 56;
	objects = {

/* Begin PBXBuildFile section */
		803B6A832A24F40D00636C42 /* AppDelegate.swift in Sources */ = {isa = PBXBuildFile; fileRef = 803B6A822A24F40D00636C42 /* AppDelegate.swift */; };
		803B6A852A24F40D00636C42 /* SceneDelegate.swift in Sources */ = {isa = PBXBuildFile; fileRef = 803B6A842A24F40D00636C42 /* SceneDelegate.swift */; };
		803B6A8A2A24F40D00636C42 /* Main.storyboard in Resources */ = {isa = PBXBuildFile; fileRef = 803B6A882A24F40D00636C42 /* Main.storyboard */; };
		803B6A8C2A24F40E00636C42 /* Assets.xcassets in Resources */ = {isa = PBXBuildFile; fileRef = 803B6A8B2A24F40E00636C42 /* Assets.xcassets */; };
		803B6A8F2A24F40E00636C42 /* LaunchScreen.storyboard in Resources */ = {isa = PBXBuildFile; fileRef = 803B6A8D2A24F40E00636C42 /* LaunchScreen.storyboard */; };
		803B6A9A2A24F40E00636C42 /* CineRateTests.swift in Sources */ = {isa = PBXBuildFile; fileRef = 803B6A992A24F40E00636C42 /* CineRateTests.swift */; };
		803B6AA42A24F40E00636C42 /* CineRateUITests.swift in Sources */ = {isa = PBXBuildFile; fileRef = 803B6AA32A24F40E00636C42 /* CineRateUITests.swift */; };
		803B6AA62A24F40E00636C42 /* CineRateUITestsLaunchTests.swift in Sources */ = {isa = PBXBuildFile; fileRef = 803B6AA52A24F40E00636C42 /* CineRateUITestsLaunchTests.swift */; };
		803B6AB92A2669C200636C42 /* OnboardingController.swift in Sources */ = {isa = PBXBuildFile; fileRef = 803B6AB82A2669C200636C42 /* OnboardingController.swift */; };
		803B6ABB2A26759E00636C42 /* OnboardingCell.swift in Sources */ = {isa = PBXBuildFile; fileRef = 803B6ABA2A26759E00636C42 /* OnboardingCell.swift */; };
		803B6ABE2A28B48700636C42 /* OnboardingModel.swift in Sources */ = {isa = PBXBuildFile; fileRef = 803B6ABD2A28B48700636C42 /* OnboardingModel.swift */; };
		803B6AC02A28B50000636C42 /* OnboardingListViewModel.swift in Sources */ = {isa = PBXBuildFile; fileRef = 803B6ABF2A28B50000636C42 /* OnboardingListViewModel.swift */; };
		803B6AC22A28BC5700636C42 /* LoginController.swift in Sources */ = {isa = PBXBuildFile; fileRef = 803B6AC12A28BC5700636C42 /* LoginController.swift */; };
		803B6AC42A28C4E700636C42 /* GoogleService-Info.plist in Resources */ = {isa = PBXBuildFile; fileRef = 803B6AC32A28C4E700636C42 /* GoogleService-Info.plist */; };
		803B6AC52A28C4E700636C42 /* GoogleService-Info.plist in Resources */ = {isa = PBXBuildFile; fileRef = 803B6AC32A28C4E700636C42 /* GoogleService-Info.plist */; };
		803B6AC62A28C4E700636C42 /* GoogleService-Info.plist in Resources */ = {isa = PBXBuildFile; fileRef = 803B6AC32A28C4E700636C42 /* GoogleService-Info.plist */; };
		803B6AC92A28C7E200636C42 /* FirebaseAuth in Frameworks */ = {isa = PBXBuildFile; productRef = 803B6AC82A28C7E200636C42 /* FirebaseAuth */; };
		803B6ACB2A28C7E200636C42 /* FirebaseDatabase in Frameworks */ = {isa = PBXBuildFile; productRef = 803B6ACA2A28C7E200636C42 /* FirebaseDatabase */; };
		803B6ACD2A28C7E200636C42 /* FirebaseDatabaseSwift in Frameworks */ = {isa = PBXBuildFile; productRef = 803B6ACC2A28C7E200636C42 /* FirebaseDatabaseSwift */; };
		803B6ACF2A28C7E200636C42 /* FirebaseFirestore in Frameworks */ = {isa = PBXBuildFile; productRef = 803B6ACE2A28C7E200636C42 /* FirebaseFirestore */; };
		803B6AD12A28C7E200636C42 /* FirebaseFirestoreSwift in Frameworks */ = {isa = PBXBuildFile; productRef = 803B6AD02A28C7E200636C42 /* FirebaseFirestoreSwift */; };
		803B6AD32A28C7E200636C42 /* FirebaseStorage in Frameworks */ = {isa = PBXBuildFile; productRef = 803B6AD22A28C7E200636C42 /* FirebaseStorage */; };
		803B6AD52A28C7F000636C42 /* FirebaseService.swift in Sources */ = {isa = PBXBuildFile; fileRef = 803B6AD42A28C7F000636C42 /* FirebaseService.swift */; };
		803B6AD62A28C7F000636C42 /* FirebaseService.swift in Sources */ = {isa = PBXBuildFile; fileRef = 803B6AD42A28C7F000636C42 /* FirebaseService.swift */; };
		803B6AD72A28C7F000636C42 /* FirebaseService.swift in Sources */ = {isa = PBXBuildFile; fileRef = 803B6AD42A28C7F000636C42 /* FirebaseService.swift */; };
		803B6AD92A28CB1D00636C42 /* LoginScreenViewModel.swift in Sources */ = {isa = PBXBuildFile; fileRef = 803B6AD82A28CB1D00636C42 /* LoginScreenViewModel.swift */; };
		803B6ADA2A28CB1D00636C42 /* LoginScreenViewModel.swift in Sources */ = {isa = PBXBuildFile; fileRef = 803B6AD82A28CB1D00636C42 /* LoginScreenViewModel.swift */; };
		803B6ADB2A28CB1D00636C42 /* LoginScreenViewModel.swift in Sources */ = {isa = PBXBuildFile; fileRef = 803B6AD82A28CB1D00636C42 /* LoginScreenViewModel.swift */; };
		803B6ADD2A28D18B00636C42 /* UserCredentials.swift in Sources */ = {isa = PBXBuildFile; fileRef = 803B6ADC2A28D18B00636C42 /* UserCredentials.swift */; };
		803B6ADE2A28D18B00636C42 /* UserCredentials.swift in Sources */ = {isa = PBXBuildFile; fileRef = 803B6ADC2A28D18B00636C42 /* UserCredentials.swift */; };
		803B6ADF2A28D18B00636C42 /* UserCredentials.swift in Sources */ = {isa = PBXBuildFile; fileRef = 803B6ADC2A28D18B00636C42 /* UserCredentials.swift */; };
		803B6AE62A28D33400636C42 /* FirebaseHelper.swift in Sources */ = {isa = PBXBuildFile; fileRef = 803B6AE52A28D33400636C42 /* FirebaseHelper.swift */; };
		803B6AE72A28D33400636C42 /* FirebaseHelper.swift in Sources */ = {isa = PBXBuildFile; fileRef = 803B6AE52A28D33400636C42 /* FirebaseHelper.swift */; };
		803B6AE82A28D33400636C42 /* FirebaseHelper.swift in Sources */ = {isa = PBXBuildFile; fileRef = 803B6AE52A28D33400636C42 /* FirebaseHelper.swift */; };
		803B6AEB2A28D5BC00636C42 /* HomeController.swift in Sources */ = {isa = PBXBuildFile; fileRef = 803B6AEA2A28D5BC00636C42 /* HomeController.swift */; };
		803B6AEC2A28D5BC00636C42 /* HomeController.swift in Sources */ = {isa = PBXBuildFile; fileRef = 803B6AEA2A28D5BC00636C42 /* HomeController.swift */; };
		803B6AED2A28D5BC00636C42 /* HomeController.swift in Sources */ = {isa = PBXBuildFile; fileRef = 803B6AEA2A28D5BC00636C42 /* HomeController.swift */; };
/* End PBXBuildFile section */

/* Begin PBXContainerItemProxy section */
		803B6A962A24F40E00636C42 /* PBXContainerItemProxy */ = {
			isa = PBXContainerItemProxy;
			containerPortal = 803B6A772A24F40D00636C42 /* Project object */;
			proxyType = 1;
			remoteGlobalIDString = 803B6A7E2A24F40D00636C42;
			remoteInfo = CineRate;
		};
		803B6AA02A24F40E00636C42 /* PBXContainerItemProxy */ = {
			isa = PBXContainerItemProxy;
			containerPortal = 803B6A772A24F40D00636C42 /* Project object */;
			proxyType = 1;
			remoteGlobalIDString = 803B6A7E2A24F40D00636C42;
			remoteInfo = CineRate;
		};
/* End PBXContainerItemProxy section */

/* Begin PBXFileReference section */
		803B6A7F2A24F40D00636C42 /* CineRate.app */ = {isa = PBXFileReference; explicitFileType = wrapper.application; includeInIndex = 0; path = CineRate.app; sourceTree = BUILT_PRODUCTS_DIR; };
		803B6A822A24F40D00636C42 /* AppDelegate.swift */ = {isa = PBXFileReference; lastKnownFileType = sourcecode.swift; path = AppDelegate.swift; sourceTree = "<group>"; };
		803B6A842A24F40D00636C42 /* SceneDelegate.swift */ = {isa = PBXFileReference; lastKnownFileType = sourcecode.swift; path = SceneDelegate.swift; sourceTree = "<group>"; };
		803B6A892A24F40D00636C42 /* Base */ = {isa = PBXFileReference; lastKnownFileType = file.storyboard; name = Base; path = Base.lproj/Main.storyboard; sourceTree = "<group>"; };
		803B6A8B2A24F40E00636C42 /* Assets.xcassets */ = {isa = PBXFileReference; lastKnownFileType = folder.assetcatalog; path = Assets.xcassets; sourceTree = "<group>"; };
		803B6A8E2A24F40E00636C42 /* Base */ = {isa = PBXFileReference; lastKnownFileType = file.storyboard; name = Base; path = Base.lproj/LaunchScreen.storyboard; sourceTree = "<group>"; };
		803B6A902A24F40E00636C42 /* Info.plist */ = {isa = PBXFileReference; lastKnownFileType = text.plist.xml; path = Info.plist; sourceTree = "<group>"; };
		803B6A952A24F40E00636C42 /* CineRateTests.xctest */ = {isa = PBXFileReference; explicitFileType = wrapper.cfbundle; includeInIndex = 0; path = CineRateTests.xctest; sourceTree = BUILT_PRODUCTS_DIR; };
		803B6A992A24F40E00636C42 /* CineRateTests.swift */ = {isa = PBXFileReference; lastKnownFileType = sourcecode.swift; path = CineRateTests.swift; sourceTree = "<group>"; };
		803B6A9F2A24F40E00636C42 /* CineRateUITests.xctest */ = {isa = PBXFileReference; explicitFileType = wrapper.cfbundle; includeInIndex = 0; path = CineRateUITests.xctest; sourceTree = BUILT_PRODUCTS_DIR; };
		803B6AA32A24F40E00636C42 /* CineRateUITests.swift */ = {isa = PBXFileReference; lastKnownFileType = sourcecode.swift; path = CineRateUITests.swift; sourceTree = "<group>"; };
		803B6AA52A24F40E00636C42 /* CineRateUITestsLaunchTests.swift */ = {isa = PBXFileReference; lastKnownFileType = sourcecode.swift; path = CineRateUITestsLaunchTests.swift; sourceTree = "<group>"; };
		803B6AB82A2669C200636C42 /* OnboardingController.swift */ = {isa = PBXFileReference; lastKnownFileType = sourcecode.swift; path = OnboardingController.swift; sourceTree = "<group>"; };
		803B6ABA2A26759E00636C42 /* OnboardingCell.swift */ = {isa = PBXFileReference; lastKnownFileType = sourcecode.swift; path = OnboardingCell.swift; sourceTree = "<group>"; };
		803B6ABD2A28B48700636C42 /* OnboardingModel.swift */ = {isa = PBXFileReference; lastKnownFileType = sourcecode.swift; path = OnboardingModel.swift; sourceTree = "<group>"; };
		803B6ABF2A28B50000636C42 /* OnboardingListViewModel.swift */ = {isa = PBXFileReference; lastKnownFileType = sourcecode.swift; path = OnboardingListViewModel.swift; sourceTree = "<group>"; };
		803B6AC12A28BC5700636C42 /* LoginController.swift */ = {isa = PBXFileReference; lastKnownFileType = sourcecode.swift; path = LoginController.swift; sourceTree = "<group>"; };
		803B6AC32A28C4E700636C42 /* GoogleService-Info.plist */ = {isa = PBXFileReference; fileEncoding = 4; lastKnownFileType = text.plist.xml; path = "GoogleService-Info.plist"; sourceTree = "<group>"; };
		803B6AD42A28C7F000636C42 /* FirebaseService.swift */ = {isa = PBXFileReference; lastKnownFileType = sourcecode.swift; path = FirebaseService.swift; sourceTree = "<group>"; };
		803B6AD82A28CB1D00636C42 /* LoginScreenViewModel.swift */ = {isa = PBXFileReference; lastKnownFileType = sourcecode.swift; path = LoginScreenViewModel.swift; sourceTree = "<group>"; };
		803B6ADC2A28D18B00636C42 /* UserCredentials.swift */ = {isa = PBXFileReference; lastKnownFileType = sourcecode.swift; path = UserCredentials.swift; sourceTree = "<group>"; };
		803B6AE52A28D33400636C42 /* FirebaseHelper.swift */ = {isa = PBXFileReference; lastKnownFileType = sourcecode.swift; path = FirebaseHelper.swift; sourceTree = "<group>"; };
		803B6AEA2A28D5BC00636C42 /* HomeController.swift */ = {isa = PBXFileReference; lastKnownFileType = sourcecode.swift; path = HomeController.swift; sourceTree = "<group>"; };
/* End PBXFileReference section */

/* Begin PBXFrameworksBuildPhase section */
		803B6A7C2A24F40D00636C42 /* Frameworks */ = {
			isa = PBXFrameworksBuildPhase;
			buildActionMask = 2147483647;
			files = (
				803B6AD12A28C7E200636C42 /* FirebaseFirestoreSwift in Frameworks */,
				803B6ACD2A28C7E200636C42 /* FirebaseDatabaseSwift in Frameworks */,
				803B6ACF2A28C7E200636C42 /* FirebaseFirestore in Frameworks */,
				803B6ACB2A28C7E200636C42 /* FirebaseDatabase in Frameworks */,
				803B6AC92A28C7E200636C42 /* FirebaseAuth in Frameworks */,
				803B6AD32A28C7E200636C42 /* FirebaseStorage in Frameworks */,
			);
			runOnlyForDeploymentPostprocessing = 0;
		};
		803B6A922A24F40E00636C42 /* Frameworks */ = {
			isa = PBXFrameworksBuildPhase;
			buildActionMask = 2147483647;
			files = (
			);
			runOnlyForDeploymentPostprocessing = 0;
		};
		803B6A9C2A24F40E00636C42 /* Frameworks */ = {
			isa = PBXFrameworksBuildPhase;
			buildActionMask = 2147483647;
			files = (
			);
			runOnlyForDeploymentPostprocessing = 0;
		};
/* End PBXFrameworksBuildPhase section */

/* Begin PBXGroup section */
		803B6A762A24F40D00636C42 = {
			isa = PBXGroup;
			children = (
				803B6A812A24F40D00636C42 /* CineRate */,
				803B6A982A24F40E00636C42 /* CineRateTests */,
				803B6AA22A24F40E00636C42 /* CineRateUITests */,
				803B6A802A24F40D00636C42 /* Products */,
			);
			sourceTree = "<group>";
		};
		803B6A802A24F40D00636C42 /* Products */ = {
			isa = PBXGroup;
			children = (
				803B6A7F2A24F40D00636C42 /* CineRate.app */,
				803B6A952A24F40E00636C42 /* CineRateTests.xctest */,
				803B6A9F2A24F40E00636C42 /* CineRateUITests.xctest */,
			);
			name = Products;
			sourceTree = "<group>";
		};
		803B6A812A24F40D00636C42 /* CineRate */ = {
			isa = PBXGroup;
			children = (
				803B6AB72A24F48100636C42 /* Extensions */,
				803B6AB62A24F47C00636C42 /* Custom Views */,
				803B6AB52A24F47600636C42 /* ViewModels */,
				803B6AB42A24F47300636C42 /* Models */,
				803B6AB32A24F47000636C42 /* Services */,
				803B6AB22A24F46C00636C42 /* Controllers */,
				803B6A822A24F40D00636C42 /* AppDelegate.swift */,
				803B6A842A24F40D00636C42 /* SceneDelegate.swift */,
				803B6A882A24F40D00636C42 /* Main.storyboard */,
				803B6A8B2A24F40E00636C42 /* Assets.xcassets */,
				803B6A8D2A24F40E00636C42 /* LaunchScreen.storyboard */,
				803B6A902A24F40E00636C42 /* Info.plist */,
				803B6AC32A28C4E700636C42 /* GoogleService-Info.plist */,
			);
			path = CineRate;
			sourceTree = "<group>";
		};
		803B6A982A24F40E00636C42 /* CineRateTests */ = {
			isa = PBXGroup;
			children = (
				803B6A992A24F40E00636C42 /* CineRateTests.swift */,
			);
			path = CineRateTests;
			sourceTree = "<group>";
		};
		803B6AA22A24F40E00636C42 /* CineRateUITests */ = {
			isa = PBXGroup;
			children = (
				803B6AA32A24F40E00636C42 /* CineRateUITests.swift */,
				803B6AA52A24F40E00636C42 /* CineRateUITestsLaunchTests.swift */,
			);
			path = CineRateUITests;
			sourceTree = "<group>";
		};
		803B6AB22A24F46C00636C42 /* Controllers */ = {
			isa = PBXGroup;
			children = (
				803B6AB82A2669C200636C42 /* OnboardingController.swift */,
				803B6AC12A28BC5700636C42 /* LoginController.swift */,
				803B6AEA2A28D5BC00636C42 /* HomeController.swift */,
			);
			path = Controllers;
			sourceTree = "<group>";
		};
		803B6AB32A24F47000636C42 /* Services */ = {
			isa = PBXGroup;
			children = (
				803B6AE12A28D31A00636C42 /* NetworkLayer */,
				803B6AE02A28D31400636C42 /* FirebaseServices */,
			);
			path = Services;
			sourceTree = "<group>";
		};
		803B6AB42A24F47300636C42 /* Models */ = {
			isa = PBXGroup;
			children = (
				803B6ABD2A28B48700636C42 /* OnboardingModel.swift */,
				803B6ADC2A28D18B00636C42 /* UserCredentials.swift */,
			);
			path = Models;
			sourceTree = "<group>";
		};
		803B6AB52A24F47600636C42 /* ViewModels */ = {
			isa = PBXGroup;
			children = (
				803B6ABF2A28B50000636C42 /* OnboardingListViewModel.swift */,
				803B6AD82A28CB1D00636C42 /* LoginScreenViewModel.swift */,
			);
			path = ViewModels;
			sourceTree = "<group>";
		};
		803B6AB62A24F47C00636C42 /* Custom Views */ = {
			isa = PBXGroup;
			children = (
				803B6ABA2A26759E00636C42 /* OnboardingCell.swift */,
			);
			path = "Custom Views";
			sourceTree = "<group>";
		};
		803B6AB72A24F48100636C42 /* Extensions */ = {
			isa = PBXGroup;
			children = (
			);
			path = Extensions;
			sourceTree = "<group>";
		};
		803B6AE02A28D31400636C42 /* FirebaseServices */ = {
			isa = PBXGroup;
			children = (
				803B6AE92A28D34000636C42 /* Core */,
				803B6AE22A28D32200636C42 /* FirebaseHelper */,
			);
			path = FirebaseServices;
			sourceTree = "<group>";
		};
		803B6AE12A28D31A00636C42 /* NetworkLayer */ = {
			isa = PBXGroup;
			children = (
				803B6AE42A28D32C00636C42 /* Core */,
				803B6AE32A28D32900636C42 /* NetworkHelper */,
			);
			path = NetworkLayer;
			sourceTree = "<group>";
		};
		803B6AE22A28D32200636C42 /* FirebaseHelper */ = {
			isa = PBXGroup;
			children = (
				803B6AE52A28D33400636C42 /* FirebaseHelper.swift */,
			);
			path = FirebaseHelper;
			sourceTree = "<group>";
		};
		803B6AE32A28D32900636C42 /* NetworkHelper */ = {
			isa = PBXGroup;
			children = (
			);
			path = NetworkHelper;
			sourceTree = "<group>";
		};
		803B6AE42A28D32C00636C42 /* Core */ = {
			isa = PBXGroup;
			children = (
			);
			path = Core;
			sourceTree = "<group>";
		};
		803B6AE92A28D34000636C42 /* Core */ = {
			isa = PBXGroup;
			children = (
				803B6AD42A28C7F000636C42 /* FirebaseService.swift */,
			);
			path = Core;
			sourceTree = "<group>";
		};
/* End PBXGroup section */

/* Begin PBXNativeTarget section */
		803B6A7E2A24F40D00636C42 /* CineRate */ = {
			isa = PBXNativeTarget;
			buildConfigurationList = 803B6AA92A24F40E00636C42 /* Build configuration list for PBXNativeTarget "CineRate" */;
			buildPhases = (
				803B6A7B2A24F40D00636C42 /* Sources */,
				803B6A7C2A24F40D00636C42 /* Frameworks */,
				803B6A7D2A24F40D00636C42 /* Resources */,
			);
			buildRules = (
			);
			dependencies = (
			);
			name = CineRate;
			packageProductDependencies = (
				803B6AC82A28C7E200636C42 /* FirebaseAuth */,
				803B6ACA2A28C7E200636C42 /* FirebaseDatabase */,
				803B6ACC2A28C7E200636C42 /* FirebaseDatabaseSwift */,
				803B6ACE2A28C7E200636C42 /* FirebaseFirestore */,
				803B6AD02A28C7E200636C42 /* FirebaseFirestoreSwift */,
				803B6AD22A28C7E200636C42 /* FirebaseStorage */,
			);
			productName = CineRate;
			productReference = 803B6A7F2A24F40D00636C42 /* CineRate.app */;
			productType = "com.apple.product-type.application";
		};
		803B6A942A24F40E00636C42 /* CineRateTests */ = {
			isa = PBXNativeTarget;
			buildConfigurationList = 803B6AAC2A24F40E00636C42 /* Build configuration list for PBXNativeTarget "CineRateTests" */;
			buildPhases = (
				803B6A912A24F40E00636C42 /* Sources */,
				803B6A922A24F40E00636C42 /* Frameworks */,
				803B6A932A24F40E00636C42 /* Resources */,
			);
			buildRules = (
			);
			dependencies = (
				803B6A972A24F40E00636C42 /* PBXTargetDependency */,
			);
			name = CineRateTests;
			productName = CineRateTests;
			productReference = 803B6A952A24F40E00636C42 /* CineRateTests.xctest */;
			productType = "com.apple.product-type.bundle.unit-test";
		};
		803B6A9E2A24F40E00636C42 /* CineRateUITests */ = {
			isa = PBXNativeTarget;
			buildConfigurationList = 803B6AAF2A24F40E00636C42 /* Build configuration list for PBXNativeTarget "CineRateUITests" */;
			buildPhases = (
				803B6A9B2A24F40E00636C42 /* Sources */,
				803B6A9C2A24F40E00636C42 /* Frameworks */,
				803B6A9D2A24F40E00636C42 /* Resources */,
			);
			buildRules = (
			);
			dependencies = (
				803B6AA12A24F40E00636C42 /* PBXTargetDependency */,
			);
			name = CineRateUITests;
			productName = CineRateUITests;
			productReference = 803B6A9F2A24F40E00636C42 /* CineRateUITests.xctest */;
			productType = "com.apple.product-type.bundle.ui-testing";
		};
/* End PBXNativeTarget section */

/* Begin PBXProject section */
		803B6A772A24F40D00636C42 /* Project object */ = {
			isa = PBXProject;
			attributes = {
				BuildIndependentTargetsInParallel = 1;
				LastSwiftUpdateCheck = 1430;
				LastUpgradeCheck = 1430;
				TargetAttributes = {
					803B6A7E2A24F40D00636C42 = {
						CreatedOnToolsVersion = 14.3;
					};
					803B6A942A24F40E00636C42 = {
						CreatedOnToolsVersion = 14.3;
						TestTargetID = 803B6A7E2A24F40D00636C42;
					};
					803B6A9E2A24F40E00636C42 = {
						CreatedOnToolsVersion = 14.3;
						TestTargetID = 803B6A7E2A24F40D00636C42;
					};
				};
			};
			buildConfigurationList = 803B6A7A2A24F40D00636C42 /* Build configuration list for PBXProject "CineRate" */;
			compatibilityVersion = "Xcode 14.0";
			developmentRegion = en;
			hasScannedForEncodings = 0;
			knownRegions = (
				en,
				Base,
			);
			mainGroup = 803B6A762A24F40D00636C42;
			packageReferences = (
				803B6AC72A28C7E200636C42 /* XCRemoteSwiftPackageReference "firebase-ios-sdk" */,
			);
			productRefGroup = 803B6A802A24F40D00636C42 /* Products */;
			projectDirPath = "";
			projectRoot = "";
			targets = (
				803B6A7E2A24F40D00636C42 /* CineRate */,
				803B6A942A24F40E00636C42 /* CineRateTests */,
				803B6A9E2A24F40E00636C42 /* CineRateUITests */,
			);
		};
/* End PBXProject section */

/* Begin PBXResourcesBuildPhase section */
		803B6A7D2A24F40D00636C42 /* Resources */ = {
			isa = PBXResourcesBuildPhase;
			buildActionMask = 2147483647;
			files = (
				803B6A8F2A24F40E00636C42 /* LaunchScreen.storyboard in Resources */,
				803B6AC42A28C4E700636C42 /* GoogleService-Info.plist in Resources */,
				803B6A8C2A24F40E00636C42 /* Assets.xcassets in Resources */,
				803B6A8A2A24F40D00636C42 /* Main.storyboard in Resources */,
			);
			runOnlyForDeploymentPostprocessing = 0;
		};
		803B6A932A24F40E00636C42 /* Resources */ = {
			isa = PBXResourcesBuildPhase;
			buildActionMask = 2147483647;
			files = (
				803B6AC52A28C4E700636C42 /* GoogleService-Info.plist in Resources */,
			);
			runOnlyForDeploymentPostprocessing = 0;
		};
		803B6A9D2A24F40E00636C42 /* Resources */ = {
			isa = PBXResourcesBuildPhase;
			buildActionMask = 2147483647;
			files = (
				803B6AC62A28C4E700636C42 /* GoogleService-Info.plist in Resources */,
			);
			runOnlyForDeploymentPostprocessing = 0;
		};
/* End PBXResourcesBuildPhase section */

/* Begin PBXSourcesBuildPhase section */
		803B6A7B2A24F40D00636C42 /* Sources */ = {
			isa = PBXSourcesBuildPhase;
			buildActionMask = 2147483647;
			files = (
				803B6AB92A2669C200636C42 /* OnboardingController.swift in Sources */,
				803B6AC02A28B50000636C42 /* OnboardingListViewModel.swift in Sources */,
				803B6AD92A28CB1D00636C42 /* LoginScreenViewModel.swift in Sources */,
				803B6AD52A28C7F000636C42 /* FirebaseService.swift in Sources */,
				803B6ABE2A28B48700636C42 /* OnboardingModel.swift in Sources */,
				803B6A832A24F40D00636C42 /* AppDelegate.swift in Sources */,
				803B6ABB2A26759E00636C42 /* OnboardingCell.swift in Sources */,
				803B6A852A24F40D00636C42 /* SceneDelegate.swift in Sources */,
				803B6AEB2A28D5BC00636C42 /* HomeController.swift in Sources */,
				803B6AC22A28BC5700636C42 /* LoginController.swift in Sources */,
				803B6AE62A28D33400636C42 /* FirebaseHelper.swift in Sources */,
				803B6ADD2A28D18B00636C42 /* UserCredentials.swift in Sources */,
			);
			runOnlyForDeploymentPostprocessing = 0;
		};
		803B6A912A24F40E00636C42 /* Sources */ = {
			isa = PBXSourcesBuildPhase;
			buildActionMask = 2147483647;
			files = (
				803B6AD62A28C7F000636C42 /* FirebaseService.swift in Sources */,
				803B6ADE2A28D18B00636C42 /* UserCredentials.swift in Sources */,
				803B6AEC2A28D5BC00636C42 /* HomeController.swift in Sources */,
				803B6A9A2A24F40E00636C42 /* CineRateTests.swift in Sources */,
				803B6ADA2A28CB1D00636C42 /* LoginScreenViewModel.swift in Sources */,
				803B6AE72A28D33400636C42 /* FirebaseHelper.swift in Sources */,
			);
			runOnlyForDeploymentPostprocessing = 0;
		};
		803B6A9B2A24F40E00636C42 /* Sources */ = {
			isa = PBXSourcesBuildPhase;
			buildActionMask = 2147483647;
			files = (
				803B6AA62A24F40E00636C42 /* CineRateUITestsLaunchTests.swift in Sources */,
				803B6AD72A28C7F000636C42 /* FirebaseService.swift in Sources */,
				803B6AED2A28D5BC00636C42 /* HomeController.swift in Sources */,
				803B6ADB2A28CB1D00636C42 /* LoginScreenViewModel.swift in Sources */,
				803B6AA42A24F40E00636C42 /* CineRateUITests.swift in Sources */,
				803B6AE82A28D33400636C42 /* FirebaseHelper.swift in Sources */,
				803B6ADF2A28D18B00636C42 /* UserCredentials.swift in Sources */,
			);
			runOnlyForDeploymentPostprocessing = 0;
		};
/* End PBXSourcesBuildPhase section */

/* Begin PBXTargetDependency section */
		803B6A972A24F40E00636C42 /* PBXTargetDependency */ = {
			isa = PBXTargetDependency;
			target = 803B6A7E2A24F40D00636C42 /* CineRate */;
			targetProxy = 803B6A962A24F40E00636C42 /* PBXContainerItemProxy */;
		};
		803B6AA12A24F40E00636C42 /* PBXTargetDependency */ = {
			isa = PBXTargetDependency;
			target = 803B6A7E2A24F40D00636C42 /* CineRate */;
			targetProxy = 803B6AA02A24F40E00636C42 /* PBXContainerItemProxy */;
		};
/* End PBXTargetDependency section */

/* Begin PBXVariantGroup section */
		803B6A882A24F40D00636C42 /* Main.storyboard */ = {
			isa = PBXVariantGroup;
			children = (
				803B6A892A24F40D00636C42 /* Base */,
			);
			name = Main.storyboard;
			sourceTree = "<group>";
		};
		803B6A8D2A24F40E00636C42 /* LaunchScreen.storyboard */ = {
			isa = PBXVariantGroup;
			children = (
				803B6A8E2A24F40E00636C42 /* Base */,
			);
			name = LaunchScreen.storyboard;
			sourceTree = "<group>";
		};
/* End PBXVariantGroup section */

/* Begin XCBuildConfiguration section */
		803B6AA72A24F40E00636C42 /* Debug */ = {
			isa = XCBuildConfiguration;
			buildSettings = {
				ALWAYS_SEARCH_USER_PATHS = NO;
				CLANG_ANALYZER_NONNULL = YES;
				CLANG_ANALYZER_NUMBER_OBJECT_CONVERSION = YES_AGGRESSIVE;
				CLANG_CXX_LANGUAGE_STANDARD = "gnu++20";
				CLANG_ENABLE_MODULES = YES;
				CLANG_ENABLE_OBJC_ARC = YES;
				CLANG_ENABLE_OBJC_WEAK = YES;
				CLANG_WARN_BLOCK_CAPTURE_AUTORELEASING = YES;
				CLANG_WARN_BOOL_CONVERSION = YES;
				CLANG_WARN_COMMA = YES;
				CLANG_WARN_CONSTANT_CONVERSION = YES;
				CLANG_WARN_DEPRECATED_OBJC_IMPLEMENTATIONS = YES;
				CLANG_WARN_DIRECT_OBJC_ISA_USAGE = YES_ERROR;
				CLANG_WARN_DOCUMENTATION_COMMENTS = YES;
				CLANG_WARN_EMPTY_BODY = YES;
				CLANG_WARN_ENUM_CONVERSION = YES;
				CLANG_WARN_INFINITE_RECURSION = YES;
				CLANG_WARN_INT_CONVERSION = YES;
				CLANG_WARN_NON_LITERAL_NULL_CONVERSION = YES;
				CLANG_WARN_OBJC_IMPLICIT_RETAIN_SELF = YES;
				CLANG_WARN_OBJC_LITERAL_CONVERSION = YES;
				CLANG_WARN_OBJC_ROOT_CLASS = YES_ERROR;
				CLANG_WARN_QUOTED_INCLUDE_IN_FRAMEWORK_HEADER = YES;
				CLANG_WARN_RANGE_LOOP_ANALYSIS = YES;
				CLANG_WARN_STRICT_PROTOTYPES = YES;
				CLANG_WARN_SUSPICIOUS_MOVE = YES;
				CLANG_WARN_UNGUARDED_AVAILABILITY = YES_AGGRESSIVE;
				CLANG_WARN_UNREACHABLE_CODE = YES;
				CLANG_WARN__DUPLICATE_METHOD_MATCH = YES;
				COPY_PHASE_STRIP = NO;
				DEBUG_INFORMATION_FORMAT = dwarf;
				ENABLE_STRICT_OBJC_MSGSEND = YES;
				ENABLE_TESTABILITY = YES;
				GCC_C_LANGUAGE_STANDARD = gnu11;
				GCC_DYNAMIC_NO_PIC = NO;
				GCC_NO_COMMON_BLOCKS = YES;
				GCC_OPTIMIZATION_LEVEL = 0;
				GCC_PREPROCESSOR_DEFINITIONS = (
					"DEBUG=1",
					"$(inherited)",
				);
				GCC_WARN_64_TO_32_BIT_CONVERSION = YES;
				GCC_WARN_ABOUT_RETURN_TYPE = YES_ERROR;
				GCC_WARN_UNDECLARED_SELECTOR = YES;
				GCC_WARN_UNINITIALIZED_AUTOS = YES_AGGRESSIVE;
				GCC_WARN_UNUSED_FUNCTION = YES;
				GCC_WARN_UNUSED_VARIABLE = YES;
				IPHONEOS_DEPLOYMENT_TARGET = 16.4;
				MTL_ENABLE_DEBUG_INFO = INCLUDE_SOURCE;
				MTL_FAST_MATH = YES;
				ONLY_ACTIVE_ARCH = YES;
				SDKROOT = iphoneos;
				SWIFT_ACTIVE_COMPILATION_CONDITIONS = DEBUG;
				SWIFT_OPTIMIZATION_LEVEL = "-Onone";
			};
			name = Debug;
		};
		803B6AA82A24F40E00636C42 /* Release */ = {
			isa = XCBuildConfiguration;
			buildSettings = {
				ALWAYS_SEARCH_USER_PATHS = NO;
				CLANG_ANALYZER_NONNULL = YES;
				CLANG_ANALYZER_NUMBER_OBJECT_CONVERSION = YES_AGGRESSIVE;
				CLANG_CXX_LANGUAGE_STANDARD = "gnu++20";
				CLANG_ENABLE_MODULES = YES;
				CLANG_ENABLE_OBJC_ARC = YES;
				CLANG_ENABLE_OBJC_WEAK = YES;
				CLANG_WARN_BLOCK_CAPTURE_AUTORELEASING = YES;
				CLANG_WARN_BOOL_CONVERSION = YES;
				CLANG_WARN_COMMA = YES;
				CLANG_WARN_CONSTANT_CONVERSION = YES;
				CLANG_WARN_DEPRECATED_OBJC_IMPLEMENTATIONS = YES;
				CLANG_WARN_DIRECT_OBJC_ISA_USAGE = YES_ERROR;
				CLANG_WARN_DOCUMENTATION_COMMENTS = YES;
				CLANG_WARN_EMPTY_BODY = YES;
				CLANG_WARN_ENUM_CONVERSION = YES;
				CLANG_WARN_INFINITE_RECURSION = YES;
				CLANG_WARN_INT_CONVERSION = YES;
				CLANG_WARN_NON_LITERAL_NULL_CONVERSION = YES;
				CLANG_WARN_OBJC_IMPLICIT_RETAIN_SELF = YES;
				CLANG_WARN_OBJC_LITERAL_CONVERSION = YES;
				CLANG_WARN_OBJC_ROOT_CLASS = YES_ERROR;
				CLANG_WARN_QUOTED_INCLUDE_IN_FRAMEWORK_HEADER = YES;
				CLANG_WARN_RANGE_LOOP_ANALYSIS = YES;
				CLANG_WARN_STRICT_PROTOTYPES = YES;
				CLANG_WARN_SUSPICIOUS_MOVE = YES;
				CLANG_WARN_UNGUARDED_AVAILABILITY = YES_AGGRESSIVE;
				CLANG_WARN_UNREACHABLE_CODE = YES;
				CLANG_WARN__DUPLICATE_METHOD_MATCH = YES;
				COPY_PHASE_STRIP = NO;
				DEBUG_INFORMATION_FORMAT = "dwarf-with-dsym";
				ENABLE_NS_ASSERTIONS = NO;
				ENABLE_STRICT_OBJC_MSGSEND = YES;
				GCC_C_LANGUAGE_STANDARD = gnu11;
				GCC_NO_COMMON_BLOCKS = YES;
				GCC_WARN_64_TO_32_BIT_CONVERSION = YES;
				GCC_WARN_ABOUT_RETURN_TYPE = YES_ERROR;
				GCC_WARN_UNDECLARED_SELECTOR = YES;
				GCC_WARN_UNINITIALIZED_AUTOS = YES_AGGRESSIVE;
				GCC_WARN_UNUSED_FUNCTION = YES;
				GCC_WARN_UNUSED_VARIABLE = YES;
				IPHONEOS_DEPLOYMENT_TARGET = 16.4;
				MTL_ENABLE_DEBUG_INFO = NO;
				MTL_FAST_MATH = YES;
				SDKROOT = iphoneos;
				SWIFT_COMPILATION_MODE = wholemodule;
				SWIFT_OPTIMIZATION_LEVEL = "-O";
				VALIDATE_PRODUCT = YES;
			};
			name = Release;
		};
		803B6AAA2A24F40E00636C42 /* Debug */ = {
			isa = XCBuildConfiguration;
			buildSettings = {
				ASSETCATALOG_COMPILER_APPICON_NAME = AppIcon;
				ASSETCATALOG_COMPILER_GLOBAL_ACCENT_COLOR_NAME = AccentColor;
				CODE_SIGN_STYLE = Automatic;
				CURRENT_PROJECT_VERSION = 1;
				DEVELOPMENT_TEAM = 936XSD7LYL;
				GENERATE_INFOPLIST_FILE = YES;
				INFOPLIST_FILE = CineRate/Info.plist;
				INFOPLIST_KEY_UIApplicationSupportsIndirectInputEvents = YES;
				INFOPLIST_KEY_UILaunchStoryboardName = LaunchScreen;
				INFOPLIST_KEY_UIMainStoryboardFile = Main;
				INFOPLIST_KEY_UISupportedInterfaceOrientations_iPad = "UIInterfaceOrientationPortrait UIInterfaceOrientationPortraitUpsideDown UIInterfaceOrientationLandscapeLeft UIInterfaceOrientationLandscapeRight";
				INFOPLIST_KEY_UISupportedInterfaceOrientations_iPhone = "UIInterfaceOrientationPortrait UIInterfaceOrientationLandscapeLeft UIInterfaceOrientationLandscapeRight";
				LD_RUNPATH_SEARCH_PATHS = (
					"$(inherited)",
					"@executable_path/Frameworks",
				);
				MARKETING_VERSION = 1.0;
				PRODUCT_BUNDLE_IDENTIFIER = ibrahimmbyrrm.CineRate;
				PRODUCT_NAME = "$(TARGET_NAME)";
				SWIFT_EMIT_LOC_STRINGS = YES;
				SWIFT_VERSION = 5.0;
				TARGETED_DEVICE_FAMILY = "1,2";
			};
			name = Debug;
		};
		803B6AAB2A24F40E00636C42 /* Release */ = {
			isa = XCBuildConfiguration;
			buildSettings = {
				ASSETCATALOG_COMPILER_APPICON_NAME = AppIcon;
				ASSETCATALOG_COMPILER_GLOBAL_ACCENT_COLOR_NAME = AccentColor;
				CODE_SIGN_STYLE = Automatic;
				CURRENT_PROJECT_VERSION = 1;
				DEVELOPMENT_TEAM = 936XSD7LYL;
				GENERATE_INFOPLIST_FILE = YES;
				INFOPLIST_FILE = CineRate/Info.plist;
				INFOPLIST_KEY_UIApplicationSupportsIndirectInputEvents = YES;
				INFOPLIST_KEY_UILaunchStoryboardName = LaunchScreen;
				INFOPLIST_KEY_UIMainStoryboardFile = Main;
				INFOPLIST_KEY_UISupportedInterfaceOrientations_iPad = "UIInterfaceOrientationPortrait UIInterfaceOrientationPortraitUpsideDown UIInterfaceOrientationLandscapeLeft UIInterfaceOrientationLandscapeRight";
				INFOPLIST_KEY_UISupportedInterfaceOrientations_iPhone = "UIInterfaceOrientationPortrait UIInterfaceOrientationLandscapeLeft UIInterfaceOrientationLandscapeRight";
				LD_RUNPATH_SEARCH_PATHS = (
					"$(inherited)",
					"@executable_path/Frameworks",
				);
				MARKETING_VERSION = 1.0;
				PRODUCT_BUNDLE_IDENTIFIER = ibrahimmbyrrm.CineRate;
				PRODUCT_NAME = "$(TARGET_NAME)";
				SWIFT_EMIT_LOC_STRINGS = YES;
				SWIFT_VERSION = 5.0;
				TARGETED_DEVICE_FAMILY = "1,2";
			};
			name = Release;
		};
		803B6AAD2A24F40E00636C42 /* Debug */ = {
			isa = XCBuildConfiguration;
			buildSettings = {
				ALWAYS_EMBED_SWIFT_STANDARD_LIBRARIES = YES;
				BUNDLE_LOADER = "$(TEST_HOST)";
				CODE_SIGN_STYLE = Automatic;
				CURRENT_PROJECT_VERSION = 1;
				DEVELOPMENT_TEAM = 936XSD7LYL;
				GENERATE_INFOPLIST_FILE = YES;
				IPHONEOS_DEPLOYMENT_TARGET = 16.4;
				MARKETING_VERSION = 1.0;
				PRODUCT_BUNDLE_IDENTIFIER = ibrahimmbyrrm.CineRateTests;
				PRODUCT_NAME = "$(TARGET_NAME)";
				SWIFT_EMIT_LOC_STRINGS = NO;
				SWIFT_VERSION = 5.0;
				TARGETED_DEVICE_FAMILY = "1,2";
				TEST_HOST = "$(BUILT_PRODUCTS_DIR)/CineRate.app/$(BUNDLE_EXECUTABLE_FOLDER_PATH)/CineRate";
			};
			name = Debug;
		};
		803B6AAE2A24F40E00636C42 /* Release */ = {
			isa = XCBuildConfiguration;
			buildSettings = {
				ALWAYS_EMBED_SWIFT_STANDARD_LIBRARIES = YES;
				BUNDLE_LOADER = "$(TEST_HOST)";
				CODE_SIGN_STYLE = Automatic;
				CURRENT_PROJECT_VERSION = 1;
				DEVELOPMENT_TEAM = 936XSD7LYL;
				GENERATE_INFOPLIST_FILE = YES;
				IPHONEOS_DEPLOYMENT_TARGET = 16.4;
				MARKETING_VERSION = 1.0;
				PRODUCT_BUNDLE_IDENTIFIER = ibrahimmbyrrm.CineRateTests;
				PRODUCT_NAME = "$(TARGET_NAME)";
				SWIFT_EMIT_LOC_STRINGS = NO;
				SWIFT_VERSION = 5.0;
				TARGETED_DEVICE_FAMILY = "1,2";
				TEST_HOST = "$(BUILT_PRODUCTS_DIR)/CineRate.app/$(BUNDLE_EXECUTABLE_FOLDER_PATH)/CineRate";
			};
			name = Release;
		};
		803B6AB02A24F40E00636C42 /* Debug */ = {
			isa = XCBuildConfiguration;
			buildSettings = {
				ALWAYS_EMBED_SWIFT_STANDARD_LIBRARIES = YES;
				CODE_SIGN_STYLE = Automatic;
				CURRENT_PROJECT_VERSION = 1;
				DEVELOPMENT_TEAM = 936XSD7LYL;
				GENERATE_INFOPLIST_FILE = YES;
				MARKETING_VERSION = 1.0;
				PRODUCT_BUNDLE_IDENTIFIER = ibrahimmbyrrm.CineRateUITests;
				PRODUCT_NAME = "$(TARGET_NAME)";
				SWIFT_EMIT_LOC_STRINGS = NO;
				SWIFT_VERSION = 5.0;
				TARGETED_DEVICE_FAMILY = "1,2";
				TEST_TARGET_NAME = CineRate;
			};
			name = Debug;
		};
		803B6AB12A24F40E00636C42 /* Release */ = {
			isa = XCBuildConfiguration;
			buildSettings = {
				ALWAYS_EMBED_SWIFT_STANDARD_LIBRARIES = YES;
				CODE_SIGN_STYLE = Automatic;
				CURRENT_PROJECT_VERSION = 1;
				DEVELOPMENT_TEAM = 936XSD7LYL;
				GENERATE_INFOPLIST_FILE = YES;
				MARKETING_VERSION = 1.0;
				PRODUCT_BUNDLE_IDENTIFIER = ibrahimmbyrrm.CineRateUITests;
				PRODUCT_NAME = "$(TARGET_NAME)";
				SWIFT_EMIT_LOC_STRINGS = NO;
				SWIFT_VERSION = 5.0;
				TARGETED_DEVICE_FAMILY = "1,2";
				TEST_TARGET_NAME = CineRate;
			};
			name = Release;
		};
/* End XCBuildConfiguration section */

/* Begin XCConfigurationList section */
		803B6A7A2A24F40D00636C42 /* Build configuration list for PBXProject "CineRate" */ = {
			isa = XCConfigurationList;
			buildConfigurations = (
				803B6AA72A24F40E00636C42 /* Debug */,
				803B6AA82A24F40E00636C42 /* Release */,
			);
			defaultConfigurationIsVisible = 0;
			defaultConfigurationName = Release;
		};
		803B6AA92A24F40E00636C42 /* Build configuration list for PBXNativeTarget "CineRate" */ = {
			isa = XCConfigurationList;
			buildConfigurations = (
				803B6AAA2A24F40E00636C42 /* Debug */,
				803B6AAB2A24F40E00636C42 /* Release */,
			);
			defaultConfigurationIsVisible = 0;
			defaultConfigurationName = Release;
		};
		803B6AAC2A24F40E00636C42 /* Build configuration list for PBXNativeTarget "CineRateTests" */ = {
			isa = XCConfigurationList;
			buildConfigurations = (
				803B6AAD2A24F40E00636C42 /* Debug */,
				803B6AAE2A24F40E00636C42 /* Release */,
			);
			defaultConfigurationIsVisible = 0;
			defaultConfigurationName = Release;
		};
		803B6AAF2A24F40E00636C42 /* Build configuration list for PBXNativeTarget "CineRateUITests" */ = {
			isa = XCConfigurationList;
			buildConfigurations = (
				803B6AB02A24F40E00636C42 /* Debug */,
				803B6AB12A24F40E00636C42 /* Release */,
			);
			defaultConfigurationIsVisible = 0;
			defaultConfigurationName = Release;
		};
/* End XCConfigurationList section */

/* Begin XCRemoteSwiftPackageReference section */
		803B6AC72A28C7E200636C42 /* XCRemoteSwiftPackageReference "firebase-ios-sdk" */ = {
			isa = XCRemoteSwiftPackageReference;
			repositoryURL = "https://github.com/firebase/firebase-ios-sdk";
			requirement = {
				kind = upToNextMajorVersion;
				minimumVersion = 10.0.0;
			};
		};
/* End XCRemoteSwiftPackageReference section */

/* Begin XCSwiftPackageProductDependency section */
		803B6AC82A28C7E200636C42 /* FirebaseAuth */ = {
			isa = XCSwiftPackageProductDependency;
			package = 803B6AC72A28C7E200636C42 /* XCRemoteSwiftPackageReference "firebase-ios-sdk" */;
			productName = FirebaseAuth;
		};
		803B6ACA2A28C7E200636C42 /* FirebaseDatabase */ = {
			isa = XCSwiftPackageProductDependency;
			package = 803B6AC72A28C7E200636C42 /* XCRemoteSwiftPackageReference "firebase-ios-sdk" */;
			productName = FirebaseDatabase;
		};
		803B6ACC2A28C7E200636C42 /* FirebaseDatabaseSwift */ = {
			isa = XCSwiftPackageProductDependency;
			package = 803B6AC72A28C7E200636C42 /* XCRemoteSwiftPackageReference "firebase-ios-sdk" */;
			productName = FirebaseDatabaseSwift;
		};
		803B6ACE2A28C7E200636C42 /* FirebaseFirestore */ = {
			isa = XCSwiftPackageProductDependency;
			package = 803B6AC72A28C7E200636C42 /* XCRemoteSwiftPackageReference "firebase-ios-sdk" */;
			productName = FirebaseFirestore;
		};
		803B6AD02A28C7E200636C42 /* FirebaseFirestoreSwift */ = {
			isa = XCSwiftPackageProductDependency;
			package = 803B6AC72A28C7E200636C42 /* XCRemoteSwiftPackageReference "firebase-ios-sdk" */;
			productName = FirebaseFirestoreSwift;
		};
		803B6AD22A28C7E200636C42 /* FirebaseStorage */ = {
			isa = XCSwiftPackageProductDependency;
			package = 803B6AC72A28C7E200636C42 /* XCRemoteSwiftPackageReference "firebase-ios-sdk" */;
			productName = FirebaseStorage;
		};
/* End XCSwiftPackageProductDependency section */
	};
	rootObject = 803B6A772A24F40D00636C42 /* Project object */;
}
